
Microsoft Visual Studio Solution File, Format Version 12.00
# Visual Studio Version 17
VisualStudioVersion = 17.0.31903.59
MinimumVisualStudioVersion = 10.0.40219.1
Project("{FAE04EC0-301F-11D3-BF4B-00C04F79EFBC}") = "ProductManager", "ProductManager.csproj", "{03BFD935-B862-4BC6-A20D-D0867E4C528D}"
EndProject
Project("{FAE04EC0-301F-11D3-BF4B-00C04F79EFBC}") = "ProductManager.Tests", "..\ProductManager.Tests\ProductManager.Tests.csproj", "{FE37A377-A239-409B-9B7A-CBE882FDB032}"
EndProject
Global
	GlobalSection(SolutionConfigurationPlatforms) = preSolution
		Debug|Any CPU = Debug|Any CPU
		Debug|x64 = Debug|x64
		Debug|x86 = Debug|x86
		Release|Any CPU = Release|Any CPU
		Release|x64 = Release|x64
		Release|x86 = Release|x86
	EndGlobalSection
	GlobalSection(ProjectConfigurationPlatforms) = postSolution
		{03BFD935-B862-4BC6-A20D-D0867E4C528D}.Debug|Any CPU.ActiveCfg = Debug|Any CPU
		{03BFD935-B862-4BC6-A20D-D0867E4C528D}.Debug|Any CPU.Build.0 = Debug|Any CPU
		{03BFD935-B862-4BC6-A20D-D0867E4C528D}.Debug|x64.ActiveCfg = Debug|Any CPU
		{03BFD935-B862-4BC6-A20D-D0867E4C528D}.Debug|x64.Build.0 = Debug|Any CPU
		{03BFD935-B862-4BC6-A20D-D0867E4C528D}.Debug|x86.ActiveCfg = Debug|Any CPU
		{03BFD935-B862-4BC6-A20D-D0867E4C528D}.Debug|x86.Build.0 = Debug|Any CPU
		{03BFD935-B862-4BC6-A20D-D0867E4C528D}.Release|Any CPU.ActiveCfg = Release|Any CPU
		{03BFD935-B862-4BC6-A20D-D0867E4C528D}.Release|Any CPU.Build.0 = Release|Any CPU
		{03BFD935-B862-4BC6-A20D-D0867E4C528D}.Release|x64.ActiveCfg = Release|Any CPU
		{03BFD935-B862-4BC6-A20D-D0867E4C528D}.Release|x64.Build.0 = Release|Any CPU
		{03BFD935-B862-4BC6-A20D-D0867E4C528D}.Release|x86.ActiveCfg = Release|Any CPU
		{03BFD935-B862-4BC6-A20D-D0867E4C528D}.Release|x86.Build.0 = Release|Any CPU
		{FE37A377-A239-409B-9B7A-CBE882FDB032}.Debug|Any CPU.ActiveCfg = Debug|Any CPU
		{FE37A377-A239-409B-9B7A-CBE882FDB032}.Debug|Any CPU.Build.0 = Debug|Any CPU
		{FE37A377-A239-409B-9B7A-CBE882FDB032}.Debug|x64.ActiveCfg = Debug|Any CPU
		{FE37A377-A239-409B-9B7A-CBE882FDB032}.Debug|x64.Build.0 = Debug|Any CPU
		{FE37A377-A239-409B-9B7A-CBE882FDB032}.Debug|x86.ActiveCfg = Debug|Any CPU
		{FE37A377-A239-409B-9B7A-CBE882FDB032}.Debug|x86.Build.0 = Debug|Any CPU
		{FE37A377-A239-409B-9B7A-CBE882FDB032}.Release|Any CPU.ActiveCfg = Release|Any CPU
		{FE37A377-A239-409B-9B7A-CBE882FDB032}.Release|Any CPU.Build.0 = Release|Any CPU
		{FE37A377-A239-409B-9B7A-CBE882FDB032}.Release|x64.ActiveCfg = Release|Any CPU
		{FE37A377-A239-409B-9B7A-CBE882FDB032}.Release|x64.Build.0 = Release|Any CPU
		{FE37A377-A239-409B-9B7A-CBE882FDB032}.Release|x86.ActiveCfg = Release|Any CPU
		{FE37A377-A239-409B-9B7A-CBE882FDB032}.Release|x86.Build.0 = Release|Any CPU
	EndGlobalSection
	GlobalSection(SolutionProperties) = preSolution
		HideSolutionNode = FALSE
	EndGlobalSection
EndGlobal
