
Microsoft Visual Studio Solution File, Format Version 12.00
# Visual Studio Version 17
VisualStudioVersion = 17.0.31903.59
MinimumVisualStudioVersion = 10.0.40219.1
Project("{FAE04EC0-301F-11D3-BF4B-00C04F79EFBC}") = "UsersApp", "UsersApp\UsersApp.csproj", "{22B12535-5EFD-4421-B305-5A3568B50AA1}"
EndProject
Project("{FAE04EC0-301F-11D3-BF4B-00C04F79EFBC}") = "UsersApp.Tests", "UsersApp.Tests\UsersApp.Tests.csproj", "{4A41D2D3-D704-449A-B0CE-2B9B06BCC21B}"
EndProject
Global
	GlobalSection(SolutionConfigurationPlatforms) = preSolution
		Debug|Any CPU = Debug|Any CPU
		Release|Any CPU = Release|Any CPU
	EndGlobalSection
	GlobalSection(SolutionProperties) = preSolution
		HideSolutionNode = FALSE
	EndGlobalSection
	GlobalSection(ProjectConfigurationPlatforms) = postSolution
		{22B12535-5EFD-4421-B305-5A3568B50AA1}.Debug|Any CPU.ActiveCfg = Debug|Any CPU
		{22B12535-5EFD-4421-B305-5A3568B50AA1}.Debug|Any CPU.Build.0 = Debug|Any CPU
		{22B12535-5EFD-4421-B305-5A3568B50AA1}.Release|Any CPU.ActiveCfg = Release|Any CPU
		{22B12535-5EFD-4421-B305-5A3568B50AA1}.Release|Any CPU.Build.0 = Release|Any CPU
		{4A41D2D3-D704-449A-B0CE-2B9B06BCC21B}.Debug|Any CPU.ActiveCfg = Debug|Any CPU
		{4A41D2D3-D704-449A-B0CE-2B9B06BCC21B}.Debug|Any CPU.Build.0 = Debug|Any CPU
		{4A41D2D3-D704-449A-B0CE-2B9B06BCC21B}.Release|Any CPU.ActiveCfg = Release|Any CPU
		{4A41D2D3-D704-449A-B0CE-2B9B06BCC21B}.Release|Any CPU.Build.0 = Release|Any CPU
	EndGlobalSection
EndGlobal
